
Microsoft Visual Studio Solution File, Format Version 12.00
# Visual Studio Version 17
VisualStudioVersion = 17.7.34302.85
MinimumVisualStudioVersion = 10.0.40219.1
Project("{FAE04EC0-301F-11D3-BF4B-00C04F79EFBC}") = "Bebidas", "Bebidas.csproj", "{ADEFE150-536F-490D-839E-E2A01989E1B0}"
EndProject
Project("{FAE04EC0-301F-11D3-BF4B-00C04F79EFBC}") = "BebidasBack", "..\BebidasBack\BebidasBack.csproj", "{EDCD8DA6-4935-4805-9124-4251B86C61FD}"
EndProject
Global
	GlobalSection(SolutionConfigurationPlatforms) = preSolution
		Debug|Any CPU = Debug|Any CPU
		Release|Any CPU = Release|Any CPU
	EndGlobalSection
	GlobalSection(ProjectConfigurationPlatforms) = postSolution
		{ADEFE150-536F-490D-839E-E2A01989E1B0}.Debug|Any CPU.ActiveCfg = Debug|Any CPU
		{ADEFE150-536F-490D-839E-E2A01989E1B0}.Debug|Any CPU.Build.0 = Debug|Any CPU
		{ADEFE150-536F-490D-839E-E2A01989E1B0}.Release|Any CPU.ActiveCfg = Release|Any CPU
		{ADEFE150-536F-490D-839E-E2A01989E1B0}.Release|Any CPU.Build.0 = Release|Any CPU
		{EDCD8DA6-4935-4805-9124-4251B86C61FD}.Debug|Any CPU.ActiveCfg = Debug|Any CPU
		{EDCD8DA6-4935-4805-9124-4251B86C61FD}.Debug|Any CPU.Build.0 = Debug|Any CPU
		{EDCD8DA6-4935-4805-9124-4251B86C61FD}.Release|Any CPU.ActiveCfg = Release|Any CPU
		{EDCD8DA6-4935-4805-9124-4251B86C61FD}.Release|Any CPU.Build.0 = Release|Any CPU
	EndGlobalSection
	GlobalSection(SolutionProperties) = preSolution
		HideSolutionNode = FALSE
	EndGlobalSection
	GlobalSection(ExtensibilityGlobals) = postSolution
		SolutionGuid = {40DA3E24-D645-4021-B052-DCDCA46E9B2F}
	EndGlobalSection
EndGlobal
